github.com/mattn/go-pointer v0.0.1 h1:n+XhsuGeVO6MEAp7xyEukFINEa+Quek5psIR/ylA6o0=
github.com/mattn/go-pointer v0.0.1/go.mod h1:2zXcozF6qYGgmsG+SeTZz3oAbFLdD3OWqnUbNvJZAlc=
github.com/mattn/go-sqlite3 v1.14.29 h1:1O6nRLJKvsi1H2Sj0Hzdfojwt8GiGKm+LOfLaBFaouQ=
github.com/mattn/go-sqlite3 v1.14.29/go.mod h1:Uh1q+B4BYcTPb+yiD3kU8Ct7aC0hY9fxUwlHK0RXw+Y=
github.com/walterwanderley/sqlite v0.0.0-20250807085442-1c89b916e683 h1:AsMF1ofVEBz6SCUF0yjNVqQow0UzkbeIpQh2EGXq02k=
github.com/walterwanderley/sqlite v0.0.0-20250807085442-1c89b916e683/go.mod h1:eO9RhTVaP4wop+KKdOZuL+PoDGN87GEgMGgWqCiutdQ=
